
Microsoft Visual Studio Solution File, Format Version 12.00
# Visual Studio 2012
Project("{FAE04EC0-301F-11D3-BF4B-00C04F79EFBC}") = "TabularEditor", "TabularEditor\TabularEditor.csproj", "{403A6975-FC8F-400B-804A-81DAC450D899}"
EndProject
Global
	GlobalSection(SolutionConfigurationPlatforms) = preSolution
		Debug|Any CPU = Debug|Any CPU
		Release|Any CPU = Release|Any CPU
	EndGlobalSection
	GlobalSection(ProjectConfigurationPlatforms) = postSolution
		{403A6975-FC8F-400B-804A-81DAC450D899}.Debug|Any CPU.ActiveCfg = Debug|Any CPU
		{403A6975-FC8F-400B-804A-81DAC450D899}.Debug|Any CPU.Build.0 = Debug|Any CPU
		{403A6975-FC8F-400B-804A-81DAC450D899}.Release|Any CPU.ActiveCfg = Release|Any CPU
		{403A6975-FC8F-400B-804A-81DAC450D899}.Release|Any CPU.Build.0 = Release|Any CPU
	EndGlobalSection
	GlobalSection(SolutionProperties) = preSolution
		HideSolutionNode = FALSE
	EndGlobalSection
EndGlobal
